# This file is automatically @generated by Cargo.
# It is not intended for manual editing.
version = 4

[[package]]
name = "fastrand"
version = "2.5.0"
source = "registry+https://github.com/rust-lang/crates.io-index"
checksum = "da7c62ceae207dd37ea5b845da6a0696c799f85e97da1ab5b7910be3c1c80223"

[[package]]
name = "fwupd"
version = "0.1.0"
dependencies = [
 "fastrand",
]

[[package]]
name = "fwupd-ffi"
version = "0.1.0"
dependencies = [
 "fwupd",
]
